{
  "requires": true,
  "lockfileVersion": 1,
  "dependencies": {
    "fullcalendar-scheduler": {
      "version": "5.10.0",
      "resolved": "https://registry.npmjs.org/fullcalendar-scheduler/-/fullcalendar-scheduler-5.10.0.tgz",
      "integrity": "sha512-XYTOKAp7Tf2jPH3j5TKrDmwAIikB+RLSL76/SL7aHk1vn+/IViCo+n9MqnrKsWCb4af5dWAd04gxwl1Zm7qaRw=="
    }
  }
}
